PODS:
  - GRDB.swift (5.16.0):
    - GRDB.swift/standard (= 5.16.0)
  - GRDB.swift/standard (5.16.0)
  - lottie-ios (3.2.3)
  - SideMenu (6.5.0)

DEPENDENCIES:
  - GRDB.swift
  - lottie-ios
  - SideMenu

SPEC REPOS:
  trunk:
    - GRDB.swift
    - lottie-ios
    - SideMenu

SPEC CHECKSUMS:
  GRDB.swift: 180e55fec683c77c917dc80db33e1e4d472ec83d
  lottie-ios: c058aeafa76daa4cf64d773554bccc8385d0150e
  SideMenu: f583187d21c5b1dd04c72002be544b555a2627a2

PODFILE CHECKSUM: 253b3d7f0d8f5575806cffcde224730fc002f032

COCOAPODS: 1.11.2
